Microsoft Visual Studio Solution File, Format Version 12.00
Project("{FAE04EC0-301F-11D3-BF4B-00C04F79EFBC}") = "Onix.Core", "src\Shared\Onix.Core\Onix.Core.csproj", "{D5655EF2-B3A2-43B2-A6E1-AAB04CF06FFC}"
EndProject
Project("{2150E333-8FDC-42A3-9474-1A3956D46DE8}") = "Shared", "Shared", "{652C5E80-C829-4853-9565-D9912E5389CF}"
EndProject
Project("{FAE04EC0-301F-11D3-BF4B-00C04F79EFBC}") = "Onix.Framework", "src\Shared\Onix.Framework\Onix.Framework.csproj", "{42D3E18E-D906-4DD8-A914-239F0A8B44A5}"
EndProject
Project("{FAE04EC0-301F-11D3-BF4B-00C04F79EFBC}") = "Onix.SharedKernel", "src\Shared\Onix.SharedKernel\Onix.SharedKernel.csproj", "{43515DB3-493E-4D8A-87C2-BEDBD4B90DB0}"
EndProject
Project("{2150E333-8FDC-42A3-9474-1A3956D46DE8}") = "Account", "Account", "{5DA0C0EA-BA59-43ED-89F1-952678E21289}"
EndProject
Project("{FAE04EC0-301F-11D3-BF4B-00C04F79EFBC}") = "Onix.Account.Presentation", "src\Accounts\Onix.Account.Presentation\Onix.Account.Presentation.csproj", "{5F9B086B-0F61-4973-A514-22B1789EB507}"
EndProject
Project("{FAE04EC0-301F-11D3-BF4B-00C04F79EFBC}") = "Onix.Account.Application", "src\Accounts\Onix.Account.Application\Onix.Account.Application.csproj", "{68EE81D2-2CDA-4AC8-B12C-13B507C239A1}"
EndProject
Project("{FAE04EC0-301F-11D3-BF4B-00C04F79EFBC}") = "Onix.Account.Domain", "src\Accounts\Onix.Account.Domain\Onix.Account.Domain.csproj", "{087ECFB0-9ABB-406A-B8F6-0144030C2D12}"
EndProject
Project("{FAE04EC0-301F-11D3-BF4B-00C04F79EFBC}") = "Onix.Account.Infrastructure", "src\Accounts\Onix.Account.Infrastructure\Onix.Account.Infrastructure.csproj", "{3C2104E6-C427-4E11-842B-91678B34B756}"
EndProject
Project("{2150E333-8FDC-42A3-9474-1A3956D46DE8}") = "Web", "Web", "{D13F595C-0002-44F7-B8C2-23690C0290C2}"
EndProject
Project("{FAE04EC0-301F-11D3-BF4B-00C04F79EFBC}") = "Onix.WebSites.Presentation", "src\WebSites\Onix.WebSites.Presentation\Onix.WebSites.Presentation.csproj", "{EA265583-1281-460E-A04F-2A451B314975}"
EndProject
Project("{FAE04EC0-301F-11D3-BF4B-00C04F79EFBC}") = "Onix.WebSites.Domain", "src\WebSites\Onix.WebSites.Domain\Onix.WebSites.Domain.csproj", "{18724E61-FC0D-4203-B449-2AD5538665A7}"
EndProject
Project("{FAE04EC0-301F-11D3-BF4B-00C04F79EFBC}") = "Onix.WebSites.Infrastructure", "src\WebSites\Onix.WebSites.Infrastructure\Onix.WebSites.Infrastructure.csproj", "{47B2866D-C647-4F4B-9D88-44918A5AD37B}"
EndProject
Project("{FAE04EC0-301F-11D3-BF4B-00C04F79EFBC}") = "Onix.WebSites.Application", "src\WebSites\Onix.WebSites.Application\Onix.WebSites.Application.csproj", "{19B3F70C-E33B-4562-8AC1-4C28E863544D}"
EndProject
Project("{FAE04EC0-301F-11D3-BF4B-00C04F79EFBC}") = "Onix.Web", "src\Onix.Web\Onix.Web.csproj", "{2BF81A11-E6A8-4929-829F-F76C45C237E1}"
EndProject
Global
	GlobalSection(SolutionConfigurationPlatforms) = preSolution
		Debug|Any CPU = Debug|Any CPU
		Release|Any CPU = Release|Any CPU
	EndGlobalSection
	GlobalSection(ProjectConfigurationPlatforms) = postSolution
		{D5655EF2-B3A2-43B2-A6E1-AAB04CF06FFC}.Debug|Any CPU.ActiveCfg = Debug|Any CPU
		{D5655EF2-B3A2-43B2-A6E1-AAB04CF06FFC}.Debug|Any CPU.Build.0 = Debug|Any CPU
		{D5655EF2-B3A2-43B2-A6E1-AAB04CF06FFC}.Release|Any CPU.ActiveCfg = Release|Any CPU
		{D5655EF2-B3A2-43B2-A6E1-AAB04CF06FFC}.Release|Any CPU.Build.0 = Release|Any CPU
		{42D3E18E-D906-4DD8-A914-239F0A8B44A5}.Debug|Any CPU.ActiveCfg = Debug|Any CPU
		{42D3E18E-D906-4DD8-A914-239F0A8B44A5}.Debug|Any CPU.Build.0 = Debug|Any CPU
		{42D3E18E-D906-4DD8-A914-239F0A8B44A5}.Release|Any CPU.ActiveCfg = Release|Any CPU
		{42D3E18E-D906-4DD8-A914-239F0A8B44A5}.Release|Any CPU.Build.0 = Release|Any CPU
		{43515DB3-493E-4D8A-87C2-BEDBD4B90DB0}.Debug|Any CPU.ActiveCfg = Debug|Any CPU
		{43515DB3-493E-4D8A-87C2-BEDBD4B90DB0}.Debug|Any CPU.Build.0 = Debug|Any CPU
		{43515DB3-493E-4D8A-87C2-BEDBD4B90DB0}.Release|Any CPU.ActiveCfg = Release|Any CPU
		{43515DB3-493E-4D8A-87C2-BEDBD4B90DB0}.Release|Any CPU.Build.0 = Release|Any CPU
		{5F9B086B-0F61-4973-A514-22B1789EB507}.Debug|Any CPU.ActiveCfg = Debug|Any CPU
		{5F9B086B-0F61-4973-A514-22B1789EB507}.Debug|Any CPU.Build.0 = Debug|Any CPU
		{5F9B086B-0F61-4973-A514-22B1789EB507}.Release|Any CPU.ActiveCfg = Release|Any CPU
		{5F9B086B-0F61-4973-A514-22B1789EB507}.Release|Any CPU.Build.0 = Release|Any CPU
		{68EE81D2-2CDA-4AC8-B12C-13B507C239A1}.Debug|Any CPU.ActiveCfg = Debug|Any CPU
		{68EE81D2-2CDA-4AC8-B12C-13B507C239A1}.Debug|Any CPU.Build.0 = Debug|Any CPU
		{68EE81D2-2CDA-4AC8-B12C-13B507C239A1}.Release|Any CPU.ActiveCfg = Release|Any CPU
		{68EE81D2-2CDA-4AC8-B12C-13B507C239A1}.Release|Any CPU.Build.0 = Release|Any CPU
		{087ECFB0-9ABB-406A-B8F6-0144030C2D12}.Debug|Any CPU.ActiveCfg = Debug|Any CPU
		{087ECFB0-9ABB-406A-B8F6-0144030C2D12}.Debug|Any CPU.Build.0 = Debug|Any CPU
		{087ECFB0-9ABB-406A-B8F6-0144030C2D12}.Release|Any CPU.ActiveCfg = Release|Any CPU
		{087ECFB0-9ABB-406A-B8F6-0144030C2D12}.Release|Any CPU.Build.0 = Release|Any CPU
		{3C2104E6-C427-4E11-842B-91678B34B756}.Debug|Any CPU.ActiveCfg = Debug|Any CPU
		{3C2104E6-C427-4E11-842B-91678B34B756}.Debug|Any CPU.Build.0 = Debug|Any CPU
		{3C2104E6-C427-4E11-842B-91678B34B756}.Release|Any CPU.ActiveCfg = Release|Any CPU
		{3C2104E6-C427-4E11-842B-91678B34B756}.Release|Any CPU.Build.0 = Release|Any CPU
		{EA265583-1281-460E-A04F-2A451B314975}.Debug|Any CPU.ActiveCfg = Debug|Any CPU
		{EA265583-1281-460E-A04F-2A451B314975}.Debug|Any CPU.Build.0 = Debug|Any CPU
		{EA265583-1281-460E-A04F-2A451B314975}.Release|Any CPU.ActiveCfg = Release|Any CPU
		{EA265583-1281-460E-A04F-2A451B314975}.Release|Any CPU.Build.0 = Release|Any CPU
		{18724E61-FC0D-4203-B449-2AD5538665A7}.Debug|Any CPU.ActiveCfg = Debug|Any CPU
		{18724E61-FC0D-4203-B449-2AD5538665A7}.Debug|Any CPU.Build.0 = Debug|Any CPU
		{18724E61-FC0D-4203-B449-2AD5538665A7}.Release|Any CPU.ActiveCfg = Release|Any CPU
		{18724E61-FC0D-4203-B449-2AD5538665A7}.Release|Any CPU.Build.0 = Release|Any CPU
		{47B2866D-C647-4F4B-9D88-44918A5AD37B}.Debug|Any CPU.ActiveCfg = Debug|Any CPU
		{47B2866D-C647-4F4B-9D88-44918A5AD37B}.Debug|Any CPU.Build.0 = Debug|Any CPU
		{47B2866D-C647-4F4B-9D88-44918A5AD37B}.Release|Any CPU.ActiveCfg = Release|Any CPU
		{47B2866D-C647-4F4B-9D88-44918A5AD37B}.Release|Any CPU.Build.0 = Release|Any CPU
		{19B3F70C-E33B-4562-8AC1-4C28E863544D}.Debug|Any CPU.ActiveCfg = Debug|Any CPU
		{19B3F70C-E33B-4562-8AC1-4C28E863544D}.Debug|Any CPU.Build.0 = Debug|Any CPU
		{19B3F70C-E33B-4562-8AC1-4C28E863544D}.Release|Any CPU.ActiveCfg = Release|Any CPU
		{19B3F70C-E33B-4562-8AC1-4C28E863544D}.Release|Any CPU.Build.0 = Release|Any CPU
		{2BF81A11-E6A8-4929-829F-F76C45C237E1}.Debug|Any CPU.ActiveCfg = Debug|Any CPU
		{2BF81A11-E6A8-4929-829F-F76C45C237E1}.Debug|Any CPU.Build.0 = Debug|Any CPU
		{2BF81A11-E6A8-4929-829F-F76C45C237E1}.Release|Any CPU.ActiveCfg = Release|Any CPU
		{2BF81A11-E6A8-4929-829F-F76C45C237E1}.Release|Any CPU.Build.0 = Release|Any CPU
	EndGlobalSection
	GlobalSection(NestedProjects) = preSolution
		{D5655EF2-B3A2-43B2-A6E1-AAB04CF06FFC} = {652C5E80-C829-4853-9565-D9912E5389CF}
		{42D3E18E-D906-4DD8-A914-239F0A8B44A5} = {652C5E80-C829-4853-9565-D9912E5389CF}
		{43515DB3-493E-4D8A-87C2-BEDBD4B90DB0} = {652C5E80-C829-4853-9565-D9912E5389CF}
		{5F9B086B-0F61-4973-A514-22B1789EB507} = {5DA0C0EA-BA59-43ED-89F1-952678E21289}
		{68EE81D2-2CDA-4AC8-B12C-13B507C239A1} = {5DA0C0EA-BA59-43ED-89F1-952678E21289}
		{087ECFB0-9ABB-406A-B8F6-0144030C2D12} = {5DA0C0EA-BA59-43ED-89F1-952678E21289}
		{3C2104E6-C427-4E11-842B-91678B34B756} = {5DA0C0EA-BA59-43ED-89F1-952678E21289}
		{EA265583-1281-460E-A04F-2A451B314975} = {D13F595C-0002-44F7-B8C2-23690C0290C2}
		{18724E61-FC0D-4203-B449-2AD5538665A7} = {D13F595C-0002-44F7-B8C2-23690C0290C2}
		{47B2866D-C647-4F4B-9D88-44918A5AD37B} = {D13F595C-0002-44F7-B8C2-23690C0290C2}
		{19B3F70C-E33B-4562-8AC1-4C28E863544D} = {D13F595C-0002-44F7-B8C2-23690C0290C2}
	EndGlobalSection
EndGlobal
